{
  "name": "uni-app-tools",
  "version": "1.0.0",
  "lockfileVersion": 1,
  "requires": true,
  "dependencies": {
    "animation-util": {
      "version": "1.0.10",
      "resolved": "https://registry.npmjs.org/animation-util/-/animation-util-1.0.10.tgz",
      "integrity": "sha512-0Jo+P0NkaXV1IC3KQXDqQ/5eR0LJBIpLEfZRS3Aq9OfD5kfAKaYgXqdK/JOBw2CtK7H2vYU2GKLygQLUdwjkSA==",
      "requires": {
        "object-assign": "^4.1.1"
      }
    },
    "bindingx-parser": {
      "version": "0.0.3",
      "resolved": "https://registry.npmjs.org/bindingx-parser/-/bindingx-parser-0.0.3.tgz",
      "integrity": "sha512-HPRn/9B+EN9C0zh2uhUTMGiBsQ12JcLoDB4xWnVloeRR4s+Cdd2gLAfhgrG10fqyxypMx/INVTotYchSpqXnnw=="
    },
    "bindingx-web-polyfill": {
      "version": "0.1.18",
      "resolved": "https://registry.npmjs.org/bindingx-web-polyfill/-/bindingx-web-polyfill-0.1.18.tgz",
      "integrity": "sha512-ASiQQdqEipF1VTmL6U47YWsTSF+KMJARaqkqycoJ2ZsB2/iOZHjI+owYQ09Mq8TJ+GVRhoySmGUh9j2XSWEo0g==",
      "requires": {
        "animation-util": "^1.0.10",
        "object-assign": "^4.1.1",
        "simple-lodash": "^0.0.3"
      },
      "dependencies": {
        "simple-lodash": {
          "version": "0.0.3",
          "resolved": "https://registry.npmjs.org/simple-lodash/-/simple-lodash-0.0.3.tgz",
          "integrity": "sha512-z1E8o+8lTFHyL4DKecuAQ2UgwWbgVUTJ7iyglCsMz4wGscQ/+A0CqIIz8ZOcTpUbMc4yc+Bwk5Gn+2cuvIRnLQ=="
        }
      }
    },
    "object-assign": {
      "version": "4.1.1",
      "resolved": "https://registry.npmjs.org/object-assign/-/object-assign-4.1.1.tgz",
      "integrity": "sha1-IQmtx5ZYh8/AXLvUQsrIv7s2CGM="
    },
    "querystringify": {
      "version": "2.1.1",
      "resolved": "https://registry.npmjs.org/querystringify/-/querystringify-2.1.1.tgz",
      "integrity": "sha512-w7fLxIRCRT7U8Qu53jQnJyPkYZIaR4n5151KMfcJlO/A9397Wxb1amJvROTK6TOnp7PfoAmg/qXiNHI+08jRfA=="
    },
    "requires-port": {
      "version": "1.0.0",
      "resolved": "https://registry.npmjs.org/requires-port/-/requires-port-1.0.0.tgz",
      "integrity": "sha1-kl0mAdOaxIXgkc8NpcbmlNw9yv8="
    },
    "simple-lodash": {
      "version": "0.0.2",
      "resolved": "https://registry.npmjs.org/simple-lodash/-/simple-lodash-0.0.2.tgz",
      "integrity": "sha512-BuCCKYqzrgfAWEyaVbGKGqsdYon9DFNPKlyH+7Nvci3i+HXy5fPkbOdLjWTJEY1MPkRvvAPWhu31d1YkBidVYw=="
    },
    "universal-env": {
      "version": "0.6.6",
      "resolved": "https://registry.npmjs.org/universal-env/-/universal-env-0.6.6.tgz",
      "integrity": "sha512-CqBdTKFStTEV7wETHjWm7CDIbSdUxIlN3zQ5xraTG6Wb1XEmBgyW1pu8lJW0buRXjACgjrD+pr97akumbQ0Y6A=="
    },
    "url-parse": {
      "version": "1.5.7",
      "resolved": "https://registry.npmjs.org/url-parse/-/url-parse-1.5.7.tgz",
      "integrity": "sha512-HxWkieX+STA38EDk7CE9MEryFeHCKzgagxlGvsdS7WBImq9Mk+PGwiT56w82WI3aicwJA8REp42Cxo98c8FZMA==",
      "requires": {
        "querystringify": "^2.1.1",
        "requires-port": "^1.0.0"
      }
    },
    "weex-bindingx": {
      "version": "0.0.17",
      "resolved": "https://registry.npmjs.org/weex-bindingx/-/weex-bindingx-0.0.17.tgz",
      "integrity": "sha512-9FtaX9Gadc+eROvPTsO1yCSYx7fhCsVv01PeaLv4hh+zTqGtlesY2/sc5Wb0u6ExzNO9pkqj73OWbUkQB0A5mQ==",
      "requires": {
        "bindingx-parser": "0.x.x",
        "bindingx-web-polyfill": "0.x.x",
        "object-assign": "^4.1.1",
        "simple-lodash": "^0.0.2",
        "universal-env": "0.x.x"
      }
    },
    "weex-ui": {
      "version": "0.6.16",
      "resolved": "https://registry.npmjs.org/weex-ui/-/weex-ui-0.6.16.tgz",
      "integrity": "sha512-p7D80wyhQmjTJFaRNQIy38f50zVtXrZQOnTzJCMJnBgx50YYwrHAXUI3S00ojsnsE9VTZ1mjL5cYuuR+D64BhA==",
      "requires": {
        "url-parse": "^1.4.3",
        "weex-bindingx": "0.0.17"
      }
    }
  }
}
